// !$*UTF8*$!
{
	archiveVersion = 1;
	classes = {
	};
	objectVersion = 56;
	objects = {

/* Begin PBXBuildFile section */
		D3C27163292CA47000A148F5 /* AppDelegate.swift in Sources */ = {isa = PBXBuildFile; fileRef = D3C27162292CA47000A148F5 /* AppDelegate.swift */; };
		D3C27165292CA47000A148F5 /* SceneDelegate.swift in Sources */ = {isa = PBXBuildFile; fileRef = D3C27164292CA47000A148F5 /* SceneDelegate.swift */; };
		D3C27167292CA47000A148F5 /* MainViewController.swift in Sources */ = {isa = PBXBuildFile; fileRef = D3C27166292CA47000A148F5 /* MainViewController.swift */; };
		D3C2716A292CA47000A148F5 /* Main.storyboard in Resources */ = {isa = PBXBuildFile; fileRef = D3C27168292CA47000A148F5 /* Main.storyboard */; };
		D3C2716C292CA47300A148F5 /* Assets.xcassets in Resources */ = {isa = PBXBuildFile; fileRef = D3C2716B292CA47300A148F5 /* Assets.xcassets */; };
		D3C2716F292CA47300A148F5 /* LaunchScreen.storyboard in Resources */ = {isa = PBXBuildFile; fileRef = D3C2716D292CA47300A148F5 /* LaunchScreen.storyboard */; };
		D3C2717B292CACF700A148F5 /* ArticlesViewController.swift in Sources */ = {isa = PBXBuildFile; fileRef = D3C2717A292CACF700A148F5 /* ArticlesViewController.swift */; };
		D3C2717D292CADA300A148F5 /* ArticlesViewController.storyboard in Resources */ = {isa = PBXBuildFile; fileRef = D3C2717C292CADA300A148F5 /* ArticlesViewController.storyboard */; };
		D3C2717F292CAEA600A148F5 /* ArticlesPresenter.swift in Sources */ = {isa = PBXBuildFile; fileRef = D3C2717E292CAEA600A148F5 /* ArticlesPresenter.swift */; };
		D3C27181292CAFDE00A148F5 /* ArticlesInteractor.swift in Sources */ = {isa = PBXBuildFile; fileRef = D3C27180292CAFDE00A148F5 /* ArticlesInteractor.swift */; };
		D3C2718B292CC2CA00A148F5 /* ArticleCell.swift in Sources */ = {isa = PBXBuildFile; fileRef = D3C27189292CC2CA00A148F5 /* ArticleCell.swift */; };
		D3C2718C292CC2CA00A148F5 /* ArticleCell.xib in Resources */ = {isa = PBXBuildFile; fileRef = D3C2718A292CC2CA00A148F5 /* ArticleCell.xib */; };
		D3C2718E292CC48400A148F5 /* ArticleCellModel.swift in Sources */ = {isa = PBXBuildFile; fileRef = D3C2718D292CC48400A148F5 /* ArticleCellModel.swift */; };
		D3C27191292CC55C00A148F5 /* ArticleBackendModel.swift in Sources */ = {isa = PBXBuildFile; fileRef = D3C27190292CC55C00A148F5 /* ArticleBackendModel.swift */; };
		D3C27193292CE04500A148F5 /* ArticlesRouter.swift in Sources */ = {isa = PBXBuildFile; fileRef = D3C27192292CE04500A148F5 /* ArticlesRouter.swift */; };
		D3C27196292CE13F00A148F5 /* ArticleDetailsViewController.swift in Sources */ = {isa = PBXBuildFile; fileRef = D3C27195292CE13F00A148F5 /* ArticleDetailsViewController.swift */; };
		D3C27198292CE18800A148F5 /* ArticleDetailInteractor.swift in Sources */ = {isa = PBXBuildFile; fileRef = D3C27197292CE18800A148F5 /* ArticleDetailInteractor.swift */; };
		D3C2719C292CE1F400A148F5 /* ArticleDetailsViewController.storyboard in Resources */ = {isa = PBXBuildFile; fileRef = D3C2719B292CE1F400A148F5 /* ArticleDetailsViewController.storyboard */; };
		D3C2719E292CE59900A148F5 /* MainRouter.swift in Sources */ = {isa = PBXBuildFile; fileRef = D3C2719D292CE59900A148F5 /* MainRouter.swift */; };
		D3C271A6292D20A000A148F5 /* ArticleDetailRouter.swift in Sources */ = {isa = PBXBuildFile; fileRef = D3C271A5292D20A000A148F5 /* ArticleDetailRouter.swift */; };
/* End PBXBuildFile section */

/* Begin PBXFileReference section */
		D3C2715F292CA47000A148F5 /* CleanSwift.app */ = {isa = PBXFileReference; explicitFileType = wrapper.application; includeInIndex = 0; path = CleanSwift.app; sourceTree = BUILT_PRODUCTS_DIR; };
		D3C27162292CA47000A148F5 /* AppDelegate.swift */ = {isa = PBXFileReference; lastKnownFileType = sourcecode.swift; path = AppDelegate.swift; sourceTree = "<group>"; };
		D3C27164292CA47000A148F5 /* SceneDelegate.swift */ = {isa = PBXFileReference; lastKnownFileType = sourcecode.swift; path = SceneDelegate.swift; sourceTree = "<group>"; };
		D3C27166292CA47000A148F5 /* MainViewController.swift */ = {isa = PBXFileReference; lastKnownFileType = sourcecode.swift; path = MainViewController.swift; sourceTree = "<group>"; };
		D3C27169292CA47000A148F5 /* Base */ = {isa = PBXFileReference; lastKnownFileType = file.storyboard; name = Base; path = Base.lproj/Main.storyboard; sourceTree = "<group>"; };
		D3C2716B292CA47300A148F5 /* Assets.xcassets */ = {isa = PBXFileReference; lastKnownFileType = folder.assetcatalog; path = Assets.xcassets; sourceTree = "<group>"; };
		D3C2716E292CA47300A148F5 /* Base */ = {isa = PBXFileReference; lastKnownFileType = file.storyboard; name = Base; path = Base.lproj/LaunchScreen.storyboard; sourceTree = "<group>"; };
		D3C27170292CA47300A148F5 /* Info.plist */ = {isa = PBXFileReference; lastKnownFileType = text.plist.xml; path = Info.plist; sourceTree = "<group>"; };
		D3C2717A292CACF700A148F5 /* ArticlesViewController.swift */ = {isa = PBXFileReference; lastKnownFileType = sourcecode.swift; path = ArticlesViewController.swift; sourceTree = "<group>"; };
		D3C2717C292CADA300A148F5 /* ArticlesViewController.storyboard */ = {isa = PBXFileReference; lastKnownFileType = file.storyboard; path = ArticlesViewController.storyboard; sourceTree = "<group>"; };
		D3C2717E292CAEA600A148F5 /* ArticlesPresenter.swift */ = {isa = PBXFileReference; lastKnownFileType = sourcecode.swift; path = ArticlesPresenter.swift; sourceTree = "<group>"; };
		D3C27180292CAFDE00A148F5 /* ArticlesInteractor.swift */ = {isa = PBXFileReference; lastKnownFileType = sourcecode.swift; path = ArticlesInteractor.swift; sourceTree = "<group>"; };
		D3C27189292CC2CA00A148F5 /* ArticleCell.swift */ = {isa = PBXFileReference; lastKnownFileType = sourcecode.swift; path = ArticleCell.swift; sourceTree = "<group>"; };
		D3C2718A292CC2CA00A148F5 /* ArticleCell.xib */ = {isa = PBXFileReference; lastKnownFileType = file.xib; path = ArticleCell.xib; sourceTree = "<group>"; };
		D3C2718D292CC48400A148F5 /* ArticleCellModel.swift */ = {isa = PBXFileReference; lastKnownFileType = sourcecode.swift; path = ArticleCellModel.swift; sourceTree = "<group>"; };
		D3C27190292CC55C00A148F5 /* ArticleBackendModel.swift */ = {isa = PBXFileReference; lastKnownFileType = sourcecode.swift; path = ArticleBackendModel.swift; sourceTree = "<group>"; };
		D3C27192292CE04500A148F5 /* ArticlesRouter.swift */ = {isa = PBXFileReference; lastKnownFileType = sourcecode.swift; path = ArticlesRouter.swift; sourceTree = "<group>"; };
		D3C27195292CE13F00A148F5 /* ArticleDetailsViewController.swift */ = {isa = PBXFileReference; lastKnownFileType = sourcecode.swift; path = ArticleDetailsViewController.swift; sourceTree = "<group>"; };
		D3C27197292CE18800A148F5 /* ArticleDetailInteractor.swift */ = {isa = PBXFileReference; lastKnownFileType = sourcecode.swift; path = ArticleDetailInteractor.swift; sourceTree = "<group>"; };
		D3C2719B292CE1F400A148F5 /* ArticleDetailsViewController.storyboard */ = {isa = PBXFileReference; lastKnownFileType = file.storyboard; path = ArticleDetailsViewController.storyboard; sourceTree = "<group>"; };
		D3C2719D292CE59900A148F5 /* MainRouter.swift */ = {isa = PBXFileReference; lastKnownFileType = sourcecode.swift; path = MainRouter.swift; sourceTree = "<group>"; };
		D3C271A5292D20A000A148F5 /* ArticleDetailRouter.swift */ = {isa = PBXFileReference; lastKnownFileType = sourcecode.swift; path = ArticleDetailRouter.swift; sourceTree = "<group>"; };
/* End PBXFileReference section */

/* Begin PBXFrameworksBuildPhase section */
		D3C2715C292CA47000A148F5 /* Frameworks */ = {
			isa = PBXFrameworksBuildPhase;
			buildActionMask = 2147483647;
			files = (
			);
			runOnlyForDeploymentPostprocessing = 0;
		};
/* End PBXFrameworksBuildPhase section */

/* Begin PBXGroup section */
		D3C27156292CA47000A148F5 = {
			isa = PBXGroup;
			children = (
				D3C27161292CA47000A148F5 /* CleanSwift */,
				D3C27160292CA47000A148F5 /* Products */,
			);
			sourceTree = "<group>";
		};
		D3C27160292CA47000A148F5 /* Products */ = {
			isa = PBXGroup;
			children = (
				D3C2715F292CA47000A148F5 /* CleanSwift.app */,
			);
			name = Products;
			sourceTree = "<group>";
		};
		D3C27161292CA47000A148F5 /* CleanSwift */ = {
			isa = PBXGroup;
			children = (
				D3C27178292CAC9500A148F5 /* Scenes */,
				D3C27183292CB0C000A148F5 /* Application */,
				D3C27182292CB0B700A148F5 /* Resources */,
			);
			path = CleanSwift;
			sourceTree = "<group>";
		};
		D3C27178292CAC9500A148F5 /* Scenes */ = {
			isa = PBXGroup;
			children = (
				D3C27184292CBD0500A148F5 /* Main */,
				D3C27179292CAC9C00A148F5 /* Articles */,
				D3C27194292CE10000A148F5 /* ArticleDetails */,
			);
			path = Scenes;
			sourceTree = "<group>";
		};
		D3C27179292CAC9C00A148F5 /* Articles */ = {
			isa = PBXGroup;
			children = (
				D3C2718F292CC54400A148F5 /* Models */,
				D3C27185292CC25700A148F5 /* Cells */,
				D3C2717C292CADA300A148F5 /* ArticlesViewController.storyboard */,
				D3C2717A292CACF700A148F5 /* ArticlesViewController.swift */,
				D3C2717E292CAEA600A148F5 /* ArticlesPresenter.swift */,
				D3C27180292CAFDE00A148F5 /* ArticlesInteractor.swift */,
				D3C27192292CE04500A148F5 /* ArticlesRouter.swift */,
			);
			path = Articles;
			sourceTree = "<group>";
		};
		D3C27182292CB0B700A148F5 /* Resources */ = {
			isa = PBXGroup;
			children = (
				D3C2716B292CA47300A148F5 /* Assets.xcassets */,
				D3C2716D292CA47300A148F5 /* LaunchScreen.storyboard */,
				D3C27170292CA47300A148F5 /* Info.plist */,
			);
			path = Resources;
			sourceTree = "<group>";
		};
		D3C27183292CB0C000A148F5 /* Application */ = {
			isa = PBXGroup;
			children = (
				D3C27164292CA47000A148F5 /* SceneDelegate.swift */,
				D3C27162292CA47000A148F5 /* AppDelegate.swift */,
			);
			path = Application;
			sourceTree = "<group>";
		};
		D3C27184292CBD0500A148F5 /* Main */ = {
			isa = PBXGroup;
			children = (
				D3C27168292CA47000A148F5 /* Main.storyboard */,
				D3C27166292CA47000A148F5 /* MainViewController.swift */,
				D3C2719D292CE59900A148F5 /* MainRouter.swift */,
			);
			path = Main;
			sourceTree = "<group>";
		};
		D3C27185292CC25700A148F5 /* Cells */ = {
			isa = PBXGroup;
			children = (
				D3C27186292CC25D00A148F5 /* ArticleCell */,
			);
			path = Cells;
			sourceTree = "<group>";
		};
		D3C27186292CC25D00A148F5 /* ArticleCell */ = {
			isa = PBXGroup;
			children = (
				D3C2718A292CC2CA00A148F5 /* ArticleCell.xib */,
				D3C27189292CC2CA00A148F5 /* ArticleCell.swift */,
				D3C2718D292CC48400A148F5 /* ArticleCellModel.swift */,
			);
			path = ArticleCell;
			sourceTree = "<group>";
		};
		D3C2718F292CC54400A148F5 /* Models */ = {
			isa = PBXGroup;
			children = (
				D3C27190292CC55C00A148F5 /* ArticleBackendModel.swift */,
			);
			path = Models;
			sourceTree = "<group>";
		};
		D3C27194292CE10000A148F5 /* ArticleDetails */ = {
			isa = PBXGroup;
			children = (
				D3C2719B292CE1F400A148F5 /* ArticleDetailsViewController.storyboard */,
				D3C27195292CE13F00A148F5 /* ArticleDetailsViewController.swift */,
				D3C27197292CE18800A148F5 /* ArticleDetailInteractor.swift */,
				D3C271A5292D20A000A148F5 /* ArticleDetailRouter.swift */,
			);
			path = ArticleDetails;
			sourceTree = "<group>";
		};
/* End PBXGroup section */

/* Begin PBXNativeTarget section */
		D3C2715E292CA47000A148F5 /* CleanSwift */ = {
			isa = PBXNativeTarget;
			buildConfigurationList = D3C27173292CA47300A148F5 /* Build configuration list for PBXNativeTarget "CleanSwift" */;
			buildPhases = (
				D3C2715B292CA47000A148F5 /* Sources */,
				D3C2715C292CA47000A148F5 /* Frameworks */,
				D3C2715D292CA47000A148F5 /* Resources */,
			);
			buildRules = (
			);
			dependencies = (
			);
			name = CleanSwift;
			productName = CleanSwift;
			productReference = D3C2715F292CA47000A148F5 /* CleanSwift.app */;
			productType = "com.apple.product-type.application";
		};
/* End PBXNativeTarget section */

/* Begin PBXProject section */
		D3C27157292CA47000A148F5 /* Project object */ = {
			isa = PBXProject;
			attributes = {
				BuildIndependentTargetsInParallel = 1;
				LastSwiftUpdateCheck = 1410;
				LastUpgradeCheck = 1410;
				TargetAttributes = {
					D3C2715E292CA47000A148F5 = {
						CreatedOnToolsVersion = 14.1;
					};
				};
			};
			buildConfigurationList = D3C2715A292CA47000A148F5 /* Build configuration list for PBXProject "CleanSwift" */;
			compatibilityVersion = "Xcode 14.0";
			developmentRegion = en;
			hasScannedForEncodings = 0;
			knownRegions = (
				en,
				Base,
			);
			mainGroup = D3C27156292CA47000A148F5;
			productRefGroup = D3C27160292CA47000A148F5 /* Products */;
			projectDirPath = "";
			projectRoot = "";
			targets = (
				D3C2715E292CA47000A148F5 /* CleanSwift */,
			);
		};
/* End PBXProject section */

/* Begin PBXResourcesBuildPhase section */
		D3C2715D292CA47000A148F5 /* Resources */ = {
			isa = PBXResourcesBuildPhase;
			buildActionMask = 2147483647;
			files = (
				D3C2716F292CA47300A148F5 /* LaunchScreen.storyboard in Resources */,
				D3C2716C292CA47300A148F5 /* Assets.xcassets in Resources */,
				D3C2717D292CADA300A148F5 /* ArticlesViewController.storyboard in Resources */,
				D3C2718C292CC2CA00A148F5 /* ArticleCell.xib in Resources */,
				D3C2716A292CA47000A148F5 /* Main.storyboard in Resources */,
				D3C2719C292CE1F400A148F5 /* ArticleDetailsViewController.storyboard in Resources */,
			);
			runOnlyForDeploymentPostprocessing = 0;
		};
/* End PBXResourcesBuildPhase section */

/* Begin PBXSourcesBuildPhase section */
		D3C2715B292CA47000A148F5 /* Sources */ = {
			isa = PBXSourcesBuildPhase;
			buildActionMask = 2147483647;
			files = (
				D3C2718B292CC2CA00A148F5 /* ArticleCell.swift in Sources */,
				D3C2719E292CE59900A148F5 /* MainRouter.swift in Sources */,
				D3C27167292CA47000A148F5 /* MainViewController.swift in Sources */,
				D3C2717B292CACF700A148F5 /* ArticlesViewController.swift in Sources */,
				D3C27196292CE13F00A148F5 /* ArticleDetailsViewController.swift in Sources */,
				D3C27163292CA47000A148F5 /* AppDelegate.swift in Sources */,
				D3C27181292CAFDE00A148F5 /* ArticlesInteractor.swift in Sources */,
				D3C27165292CA47000A148F5 /* SceneDelegate.swift in Sources */,
				D3C271A6292D20A000A148F5 /* ArticleDetailRouter.swift in Sources */,
				D3C2718E292CC48400A148F5 /* ArticleCellModel.swift in Sources */,
				D3C27193292CE04500A148F5 /* ArticlesRouter.swift in Sources */,
				D3C27191292CC55C00A148F5 /* ArticleBackendModel.swift in Sources */,
				D3C27198292CE18800A148F5 /* ArticleDetailInteractor.swift in Sources */,
				D3C2717F292CAEA600A148F5 /* ArticlesPresenter.swift in Sources */,
			);
			runOnlyForDeploymentPostprocessing = 0;
		};
/* End PBXSourcesBuildPhase section */

/* Begin PBXVariantGroup section */
		D3C27168292CA47000A148F5 /* Main.storyboard */ = {
			isa = PBXVariantGroup;
			children = (
				D3C27169292CA47000A148F5 /* Base */,
			);
			name = Main.storyboard;
			sourceTree = "<group>";
		};
		D3C2716D292CA47300A148F5 /* LaunchScreen.storyboard */ = {
			isa = PBXVariantGroup;
			children = (
				D3C2716E292CA47300A148F5 /* Base */,
			);
			name = LaunchScreen.storyboard;
			sourceTree = "<group>";
		};
/* End PBXVariantGroup section */

/* Begin XCBuildConfiguration section */
		D3C27171292CA47300A148F5 /* Debug */ = {
			isa = XCBuildConfiguration;
			buildSettings = {
				ALWAYS_SEARCH_USER_PATHS = NO;
				CLANG_ANALYZER_NONNULL = YES;
				CLANG_ANALYZER_NUMBER_OBJECT_CONVERSION = YES_AGGRESSIVE;
				CLANG_CXX_LANGUAGE_STANDARD = "gnu++20";
				CLANG_ENABLE_MODULES = YES;
				CLANG_ENABLE_OBJC_ARC = YES;
				CLANG_ENABLE_OBJC_WEAK = YES;
				CLANG_WARN_BLOCK_CAPTURE_AUTORELEASING = YES;
				CLANG_WARN_BOOL_CONVERSION = YES;
				CLANG_WARN_COMMA = YES;
				CLANG_WARN_CONSTANT_CONVERSION = YES;
				CLANG_WARN_DEPRECATED_OBJC_IMPLEMENTATIONS = YES;
				CLANG_WARN_DIRECT_OBJC_ISA_USAGE = YES_ERROR;
				CLANG_WARN_DOCUMENTATION_COMMENTS = YES;
				CLANG_WARN_EMPTY_BODY = YES;
				CLANG_WARN_ENUM_CONVERSION = YES;
				CLANG_WARN_INFINITE_RECURSION = YES;
				CLANG_WARN_INT_CONVERSION = YES;
				CLANG_WARN_NON_LITERAL_NULL_CONVERSION = YES;
				CLANG_WARN_OBJC_IMPLICIT_RETAIN_SELF = YES;
				CLANG_WARN_OBJC_LITERAL_CONVERSION = YES;
				CLANG_WARN_OBJC_ROOT_CLASS = YES_ERROR;
				CLANG_WARN_QUOTED_INCLUDE_IN_FRAMEWORK_HEADER = YES;
				CLANG_WARN_RANGE_LOOP_ANALYSIS = YES;
				CLANG_WARN_STRICT_PROTOTYPES = YES;
				CLANG_WARN_SUSPICIOUS_MOVE = YES;
				CLANG_WARN_UNGUARDED_AVAILABILITY = YES_AGGRESSIVE;
				CLANG_WARN_UNREACHABLE_CODE = YES;
				CLANG_WARN__DUPLICATE_METHOD_MATCH = YES;
				COPY_PHASE_STRIP = NO;
				DEBUG_INFORMATION_FORMAT = dwarf;
				ENABLE_STRICT_OBJC_MSGSEND = YES;
				ENABLE_TESTABILITY = YES;
				GCC_C_LANGUAGE_STANDARD = gnu11;
				GCC_DYNAMIC_NO_PIC = NO;
				GCC_NO_COMMON_BLOCKS = YES;
				GCC_OPTIMIZATION_LEVEL = 0;
				GCC_PREPROCESSOR_DEFINITIONS = (
					"DEBUG=1",
					"$(inherited)",
				);
				GCC_WARN_64_TO_32_BIT_CONVERSION = YES;
				GCC_WARN_ABOUT_RETURN_TYPE = YES_ERROR;
				GCC_WARN_UNDECLARED_SELECTOR = YES;
				GCC_WARN_UNINITIALIZED_AUTOS = YES_AGGRESSIVE;
				GCC_WARN_UNUSED_FUNCTION = YES;
				GCC_WARN_UNUSED_VARIABLE = YES;
				IPHONEOS_DEPLOYMENT_TARGET = 16.1;
				MTL_ENABLE_DEBUG_INFO = INCLUDE_SOURCE;
				MTL_FAST_MATH = YES;
				ONLY_ACTIVE_ARCH = YES;
				SDKROOT = iphoneos;
				SWIFT_ACTIVE_COMPILATION_CONDITIONS = DEBUG;
				SWIFT_OPTIMIZATION_LEVEL = "-Onone";
			};
			name = Debug;
		};
		D3C27172292CA47300A148F5 /* Release */ = {
			isa = XCBuildConfiguration;
			buildSettings = {
				ALWAYS_SEARCH_USER_PATHS = NO;
				CLANG_ANALYZER_NONNULL = YES;
				CLANG_ANALYZER_NUMBER_OBJECT_CONVERSION = YES_AGGRESSIVE;
				CLANG_CXX_LANGUAGE_STANDARD = "gnu++20";
				CLANG_ENABLE_MODULES = YES;
				CLANG_ENABLE_OBJC_ARC = YES;
				CLANG_ENABLE_OBJC_WEAK = YES;
				CLANG_WARN_BLOCK_CAPTURE_AUTORELEASING = YES;
				CLANG_WARN_BOOL_CONVERSION = YES;
				CLANG_WARN_COMMA = YES;
				CLANG_WARN_CONSTANT_CONVERSION = YES;
				CLANG_WARN_DEPRECATED_OBJC_IMPLEMENTATIONS = YES;
				CLANG_WARN_DIRECT_OBJC_ISA_USAGE = YES_ERROR;
				CLANG_WARN_DOCUMENTATION_COMMENTS = YES;
				CLANG_WARN_EMPTY_BODY = YES;
				CLANG_WARN_ENUM_CONVERSION = YES;
				CLANG_WARN_INFINITE_RECURSION = YES;
				CLANG_WARN_INT_CONVERSION = YES;
				CLANG_WARN_NON_LITERAL_NULL_CONVERSION = YES;
				CLANG_WARN_OBJC_IMPLICIT_RETAIN_SELF = YES;
				CLANG_WARN_OBJC_LITERAL_CONVERSION = YES;
				CLANG_WARN_OBJC_ROOT_CLASS = YES_ERROR;
				CLANG_WARN_QUOTED_INCLUDE_IN_FRAMEWORK_HEADER = YES;
				CLANG_WARN_RANGE_LOOP_ANALYSIS = YES;
				CLANG_WARN_STRICT_PROTOTYPES = YES;
				CLANG_WARN_SUSPICIOUS_MOVE = YES;
				CLANG_WARN_UNGUARDED_AVAILABILITY = YES_AGGRESSIVE;
				CLANG_WARN_UNREACHABLE_CODE = YES;
				CLANG_WARN__DUPLICATE_METHOD_MATCH = YES;
				COPY_PHASE_STRIP = NO;
				DEBUG_INFORMATION_FORMAT = "dwarf-with-dsym";
				ENABLE_NS_ASSERTIONS = NO;
				ENABLE_STRICT_OBJC_MSGSEND = YES;
				GCC_C_LANGUAGE_STANDARD = gnu11;
				GCC_NO_COMMON_BLOCKS = YES;
				GCC_WARN_64_TO_32_BIT_CONVERSION = YES;
				GCC_WARN_ABOUT_RETURN_TYPE = YES_ERROR;
				GCC_WARN_UNDECLARED_SELECTOR = YES;
				GCC_WARN_UNINITIALIZED_AUTOS = YES_AGGRESSIVE;
				GCC_WARN_UNUSED_FUNCTION = YES;
				GCC_WARN_UNUSED_VARIABLE = YES;
				IPHONEOS_DEPLOYMENT_TARGET = 16.1;
				MTL_ENABLE_DEBUG_INFO = NO;
				MTL_FAST_MATH = YES;
				SDKROOT = iphoneos;
				SWIFT_COMPILATION_MODE = wholemodule;
				SWIFT_OPTIMIZATION_LEVEL = "-O";
				VALIDATE_PRODUCT = YES;
			};
			name = Release;
		};
		D3C27174292CA47300A148F5 /* Debug */ = {
			isa = XCBuildConfiguration;
			buildSettings = {
				ASSETCATALOG_COMPILER_APPICON_NAME = AppIcon;
				ASSETCATALOG_COMPILER_GLOBAL_ACCENT_COLOR_NAME = AccentColor;
				CODE_SIGN_STYLE = Automatic;
				CURRENT_PROJECT_VERSION = 1;
				DEVELOPMENT_TEAM = G4CFK969KL;
				GENERATE_INFOPLIST_FILE = YES;
				INFOPLIST_FILE = CleanSwift/Resources/Info.plist;
				INFOPLIST_KEY_UIApplicationSupportsIndirectInputEvents = YES;
				INFOPLIST_KEY_UILaunchStoryboardName = LaunchScreen;
				INFOPLIST_KEY_UIMainStoryboardFile = Main;
				INFOPLIST_KEY_UISupportedInterfaceOrientations_iPad = "UIInterfaceOrientationPortrait UIInterfaceOrientationPortraitUpsideDown UIInterfaceOrientationLandscapeLeft UIInterfaceOrientationLandscapeRight";
				INFOPLIST_KEY_UISupportedInterfaceOrientations_iPhone = "UIInterfaceOrientationPortrait UIInterfaceOrientationLandscapeLeft UIInterfaceOrientationLandscapeRight";
				LD_RUNPATH_SEARCH_PATHS = (
					"$(inherited)",
					"@executable_path/Frameworks",
				);
				MARKETING_VERSION = 1.0;
				PRODUCT_BUNDLE_IDENTIFIER = com.wx.CleanSwift;
				PRODUCT_NAME = "$(TARGET_NAME)";
				SWIFT_EMIT_LOC_STRINGS = YES;
				SWIFT_VERSION = 5.0;
				TARGETED_DEVICE_FAMILY = "1,2";
			};
			name = Debug;
		};
		D3C27175292CA47300A148F5 /* Release */ = {
			isa = XCBuildConfiguration;
			buildSettings = {
				ASSETCATALOG_COMPILER_APPICON_NAME = AppIcon;
				ASSETCATALOG_COMPILER_GLOBAL_ACCENT_COLOR_NAME = AccentColor;
				CODE_SIGN_STYLE = Automatic;
				CURRENT_PROJECT_VERSION = 1;
				DEVELOPMENT_TEAM = G4CFK969KL;
				GENERATE_INFOPLIST_FILE = YES;
				INFOPLIST_FILE = CleanSwift/Resources/Info.plist;
				INFOPLIST_KEY_UIApplicationSupportsIndirectInputEvents = YES;
				INFOPLIST_KEY_UILaunchStoryboardName = LaunchScreen;
				INFOPLIST_KEY_UIMainStoryboardFile = Main;
				INFOPLIST_KEY_UISupportedInterfaceOrientations_iPad = "UIInterfaceOrientationPortrait UIInterfaceOrientationPortraitUpsideDown UIInterfaceOrientationLandscapeLeft UIInterfaceOrientationLandscapeRight";
				INFOPLIST_KEY_UISupportedInterfaceOrientations_iPhone = "UIInterfaceOrientationPortrait UIInterfaceOrientationLandscapeLeft UIInterfaceOrientationLandscapeRight";
				LD_RUNPATH_SEARCH_PATHS = (
					"$(inherited)",
					"@executable_path/Frameworks",
				);
				MARKETING_VERSION = 1.0;
				PRODUCT_BUNDLE_IDENTIFIER = com.wx.CleanSwift;
				PRODUCT_NAME = "$(TARGET_NAME)";
				SWIFT_EMIT_LOC_STRINGS = YES;
				SWIFT_VERSION = 5.0;
				TARGETED_DEVICE_FAMILY = "1,2";
			};
			name = Release;
		};
/* End XCBuildConfiguration section */

/* Begin XCConfigurationList section */
		D3C2715A292CA47000A148F5 /* Build configuration list for PBXProject "CleanSwift" */ = {
			isa = XCConfigurationList;
			buildConfigurations = (
				D3C27171292CA47300A148F5 /* Debug */,
				D3C27172292CA47300A148F5 /* Release */,
			);
			defaultConfigurationIsVisible = 0;
			defaultConfigurationName = Release;
		};
		D3C27173292CA47300A148F5 /* Build configuration list for PBXNativeTarget "CleanSwift" */ = {
			isa = XCConfigurationList;
			buildConfigurations = (
				D3C27174292CA47300A148F5 /* Debug */,
				D3C27175292CA47300A148F5 /* Release */,
			);
			defaultConfigurationIsVisible = 0;
			defaultConfigurationName = Release;
		};
/* End XCConfigurationList section */
	};
	rootObject = D3C27157292CA47000A148F5 /* Project object */;
}
